// !$*UTF8*$!
{
	archiveVersion = 1;
	classes = {
	};
	objectVersion = 56;
	objects = {

/* Begin PBXBuildFile section */
		9AE5F9B12A79CBA9001EFD9B /* PresentlyApp.swift in Sources */ = {isa = PBXBuildFile; fileRef = 9AE5F9B02A79CBA9001EFD9B /* PresentlyApp.swift */; };
		9AE5F9B32A79CBA9001EFD9B /* ContentView.swift in Sources */ = {isa = PBXBuildFile; fileRef = 9AE5F9B22A79CBA9001EFD9B /* ContentView.swift */; };
		9AE5F9B52A79CBAC001EFD9B /* Assets.xcassets in Resources */ = {isa = PBXBuildFile; fileRef = 9AE5F9B42A79CBAC001EFD9B /* Assets.xcassets */; };
		9AE5F9B82A79CBAC001EFD9B /* Preview Assets.xcassets in Resources */ = {isa = PBXBuildFile; fileRef = 9AE5F9B72A79CBAC001EFD9B /* Preview Assets.xcassets */; };
		9AE5F9C82A79CBAD001EFD9B /* PresentlyTests.swift in Sources */ = {isa = PBXBuildFile; fileRef = 9AE5F9C72A79CBAD001EFD9B /* PresentlyTests.swift */; };
		9AE5F9D22A79CBAD001EFD9B /* PresentlyUITests.swift in Sources */ = {isa = PBXBuildFile; fileRef = 9AE5F9D12A79CBAD001EFD9B /* PresentlyUITests.swift */; };
		9AE5F9D42A79CBAD001EFD9B /* PresentlyUITestsLaunchTests.swift in Sources */ = {isa = PBXBuildFile; fileRef = 9AE5F9D32A79CBAD001EFD9B /* PresentlyUITestsLaunchTests.swift */; };
		9AE5F9ED2A79D3FE001EFD9B /* Person.swift in Sources */ = {isa = PBXBuildFile; fileRef = 9AE5F9E42A79D3FE001EFD9B /* Person.swift */; };
		9AE5F9EF2A79D3FE001EFD9B /* HistoricalGift.swift in Sources */ = {isa = PBXBuildFile; fileRef = 9AE5F9E62A79D3FE001EFD9B /* HistoricalGift.swift */; };
		9AE5F9F02A79D3FE001EFD9B /* Exception.swift in Sources */ = {isa = PBXBuildFile; fileRef = 9AE5F9E72A79D3FE001EFD9B /* Exception.swift */; };
		9AE5F9F12A79D3FE001EFD9B /* WishListItem.swift in Sources */ = {isa = PBXBuildFile; fileRef = 9AE5F9E82A79D3FE001EFD9B /* WishListItem.swift */; };
		9AE5F9F22A79D3FE001EFD9B /* Response.swift in Sources */ = {isa = PBXBuildFile; fileRef = 9AE5F9E92A79D3FE001EFD9B /* Response.swift */; };
		9AE5F9F42A79D3FE001EFD9B /* Exchange.swift in Sources */ = {isa = PBXBuildFile; fileRef = 9AE5F9EB2A79D3FE001EFD9B /* Exchange.swift */; };
		9AE5F9F62A79D5ED001EFD9B /* LoginStorage.swift in Sources */ = {isa = PBXBuildFile; fileRef = 9AE5F9F52A79D5ED001EFD9B /* LoginStorage.swift */; };
		9AE5F9F72A79D8FC001EFD9B /* TestFiles.swift in Sources */ = {isa = PBXBuildFile; fileRef = 9AE5F9E52A79D3FE001EFD9B /* TestFiles.swift */; };
		9AE5F9F82A79D8FF001EFD9B /* TestFiles.swift in Sources */ = {isa = PBXBuildFile; fileRef = 9AE5F9E52A79D3FE001EFD9B /* TestFiles.swift */; };
		9AE5F9F92A79D902001EFD9B /* TestFiles.swift in Sources */ = {isa = PBXBuildFile; fileRef = 9AE5F9E52A79D3FE001EFD9B /* TestFiles.swift */; };
		9AE5F9FC2A79F26B001EFD9B /* ExchangeStorage.swift in Sources */ = {isa = PBXBuildFile; fileRef = 9AE5F9FB2A79F26B001EFD9B /* ExchangeStorage.swift */; };
		9AE5F9FE2A79F8DE001EFD9B /* PeopleStorage.swift in Sources */ = {isa = PBXBuildFile; fileRef = 9AE5F9FD2A79F8DE001EFD9B /* PeopleStorage.swift */; };
		9AE5FA002A7A0232001EFD9B /* Storage.swift in Sources */ = {isa = PBXBuildFile; fileRef = 9AE5F9FF2A7A0232001EFD9B /* Storage.swift */; };
/* End PBXBuildFile section */

/* Begin PBXContainerItemProxy section */
		9AE5F9C42A79CBAD001EFD9B /* PBXContainerItemProxy */ = {
			isa = PBXContainerItemProxy;
			containerPortal = 9AE5F9A52A79CBA9001EFD9B /* Project object */;
			proxyType = 1;
			remoteGlobalIDString = 9AE5F9AC2A79CBA9001EFD9B;
			remoteInfo = Presently;
		};
		9AE5F9CE2A79CBAD001EFD9B /* PBXContainerItemProxy */ = {
			isa = PBXContainerItemProxy;
			containerPortal = 9AE5F9A52A79CBA9001EFD9B /* Project object */;
			proxyType = 1;
			remoteGlobalIDString = 9AE5F9AC2A79CBA9001EFD9B;
			remoteInfo = Presently;
		};
/* End PBXContainerItemProxy section */

/* Begin PBXFileReference section */
		9AE5F9AD2A79CBA9001EFD9B /* Presently.app */ = {isa = PBXFileReference; explicitFileType = wrapper.application; includeInIndex = 0; path = Presently.app; sourceTree = BUILT_PRODUCTS_DIR; };
		9AE5F9B02A79CBA9001EFD9B /* PresentlyApp.swift */ = {isa = PBXFileReference; lastKnownFileType = sourcecode.swift; path = PresentlyApp.swift; sourceTree = "<group>"; };
		9AE5F9B22A79CBA9001EFD9B /* ContentView.swift */ = {isa = PBXFileReference; lastKnownFileType = sourcecode.swift; path = ContentView.swift; sourceTree = "<group>"; };
		9AE5F9B42A79CBAC001EFD9B /* Assets.xcassets */ = {isa = PBXFileReference; lastKnownFileType = folder.assetcatalog; path = Assets.xcassets; sourceTree = "<group>"; };
		9AE5F9B72A79CBAC001EFD9B /* Preview Assets.xcassets */ = {isa = PBXFileReference; lastKnownFileType = folder.assetcatalog; path = "Preview Assets.xcassets"; sourceTree = "<group>"; };
		9AE5F9BE2A79CBAC001EFD9B /* Info.plist */ = {isa = PBXFileReference; lastKnownFileType = text.plist.xml; path = Info.plist; sourceTree = "<group>"; };
		9AE5F9C32A79CBAD001EFD9B /* PresentlyTests.xctest */ = {isa = PBXFileReference; explicitFileType = wrapper.cfbundle; includeInIndex = 0; path = PresentlyTests.xctest; sourceTree = BUILT_PRODUCTS_DIR; };
		9AE5F9C72A79CBAD001EFD9B /* PresentlyTests.swift */ = {isa = PBXFileReference; lastKnownFileType = sourcecode.swift; path = PresentlyTests.swift; sourceTree = "<group>"; };
		9AE5F9CD2A79CBAD001EFD9B /* PresentlyUITests.xctest */ = {isa = PBXFileReference; explicitFileType = wrapper.cfbundle; includeInIndex = 0; path = PresentlyUITests.xctest; sourceTree = BUILT_PRODUCTS_DIR; };
		9AE5F9D12A79CBAD001EFD9B /* PresentlyUITests.swift */ = {isa = PBXFileReference; lastKnownFileType = sourcecode.swift; path = PresentlyUITests.swift; sourceTree = "<group>"; };
		9AE5F9D32A79CBAD001EFD9B /* PresentlyUITestsLaunchTests.swift */ = {isa = PBXFileReference; lastKnownFileType = sourcecode.swift; path = PresentlyUITestsLaunchTests.swift; sourceTree = "<group>"; };
		9AE5F9E42A79D3FE001EFD9B /* Person.swift */ = {isa = PBXFileReference; fileEncoding = 4; lastKnownFileType = sourcecode.swift; path = Person.swift; sourceTree = "<group>"; };
		9AE5F9E52A79D3FE001EFD9B /* TestFiles.swift */ = {isa = PBXFileReference; fileEncoding = 4; lastKnownFileType = sourcecode.swift; path = TestFiles.swift; sourceTree = "<group>"; };
		9AE5F9E62A79D3FE001EFD9B /* HistoricalGift.swift */ = {isa = PBXFileReference; fileEncoding = 4; lastKnownFileType = sourcecode.swift; path = HistoricalGift.swift; sourceTree = "<group>"; };
		9AE5F9E72A79D3FE001EFD9B /* Exception.swift */ = {isa = PBXFileReference; fileEncoding = 4; lastKnownFileType = sourcecode.swift; path = Exception.swift; sourceTree = "<group>"; };
		9AE5F9E82A79D3FE001EFD9B /* WishListItem.swift */ = {isa = PBXFileReference; fileEncoding = 4; lastKnownFileType = sourcecode.swift; path = WishListItem.swift; sourceTree = "<group>"; };
		9AE5F9E92A79D3FE001EFD9B /* Response.swift */ = {isa = PBXFileReference; fileEncoding = 4; lastKnownFileType = sourcecode.swift; path = Response.swift; sourceTree = "<group>"; };
		9AE5F9EB2A79D3FE001EFD9B /* Exchange.swift */ = {isa = PBXFileReference; fileEncoding = 4; lastKnownFileType = sourcecode.swift; path = Exchange.swift; sourceTree = "<group>"; };
		9AE5F9F52A79D5ED001EFD9B /* LoginStorage.swift */ = {isa = PBXFileReference; lastKnownFileType = sourcecode.swift; path = LoginStorage.swift; sourceTree = "<group>"; };
		9AE5F9FB2A79F26B001EFD9B /* ExchangeStorage.swift */ = {isa = PBXFileReference; lastKnownFileType = sourcecode.swift; path = ExchangeStorage.swift; sourceTree = "<group>"; };
		9AE5F9FD2A79F8DE001EFD9B /* PeopleStorage.swift */ = {isa = PBXFileReference; lastKnownFileType = sourcecode.swift; path = PeopleStorage.swift; sourceTree = "<group>"; };
		9AE5F9FF2A7A0232001EFD9B /* Storage.swift */ = {isa = PBXFileReference; lastKnownFileType = sourcecode.swift; path = Storage.swift; sourceTree = "<group>"; };
/* End PBXFileReference section */

/* Begin PBXFrameworksBuildPhase section */
		9AE5F9AA2A79CBA9001EFD9B /* Frameworks */ = {
			isa = PBXFrameworksBuildPhase;
			buildActionMask = 2147483647;
			files = (
			);
			runOnlyForDeploymentPostprocessing = 0;
		};
		9AE5F9C02A79CBAD001EFD9B /* Frameworks */ = {
			isa = PBXFrameworksBuildPhase;
			buildActionMask = 2147483647;
			files = (
			);
			runOnlyForDeploymentPostprocessing = 0;
		};
		9AE5F9CA2A79CBAD001EFD9B /* Frameworks */ = {
			isa = PBXFrameworksBuildPhase;
			buildActionMask = 2147483647;
			files = (
			);
			runOnlyForDeploymentPostprocessing = 0;
		};
/* End PBXFrameworksBuildPhase section */

/* Begin PBXGroup section */
		9AE5F9A42A79CBA9001EFD9B = {
			isa = PBXGroup;
			children = (
				9AE5F9AF2A79CBA9001EFD9B /* Presently */,
				9AE5F9C62A79CBAD001EFD9B /* PresentlyTests */,
				9AE5F9D02A79CBAD001EFD9B /* PresentlyUITests */,
				9AE5F9AE2A79CBA9001EFD9B /* Products */,
			);
			sourceTree = "<group>";
		};
		9AE5F9AE2A79CBA9001EFD9B /* Products */ = {
			isa = PBXGroup;
			children = (
				9AE5F9AD2A79CBA9001EFD9B /* Presently.app */,
				9AE5F9C32A79CBAD001EFD9B /* PresentlyTests.xctest */,
				9AE5F9CD2A79CBAD001EFD9B /* PresentlyUITests.xctest */,
			);
			name = Products;
			sourceTree = "<group>";
		};
		9AE5F9AF2A79CBA9001EFD9B /* Presently */ = {
			isa = PBXGroup;
			children = (
				9AE5F9E12A79D12C001EFD9B /* UI Layer */,
				9AE5F9E02A79D123001EFD9B /* Model Layer */,
				9AE5F9B42A79CBAC001EFD9B /* Assets.xcassets */,
				9AE5F9BE2A79CBAC001EFD9B /* Info.plist */,
				9AE5F9B62A79CBAC001EFD9B /* Preview Content */,
			);
			path = Presently;
			sourceTree = "<group>";
		};
		9AE5F9B62A79CBAC001EFD9B /* Preview Content */ = {
			isa = PBXGroup;
			children = (
				9AE5F9B72A79CBAC001EFD9B /* Preview Assets.xcassets */,
			);
			path = "Preview Content";
			sourceTree = "<group>";
		};
		9AE5F9C62A79CBAD001EFD9B /* PresentlyTests */ = {
			isa = PBXGroup;
			children = (
				9AE5F9E52A79D3FE001EFD9B /* TestFiles.swift */,
				9AE5F9C72A79CBAD001EFD9B /* PresentlyTests.swift */,
			);
			path = PresentlyTests;
			sourceTree = "<group>";
		};
		9AE5F9D02A79CBAD001EFD9B /* PresentlyUITests */ = {
			isa = PBXGroup;
			children = (
				9AE5F9D12A79CBAD001EFD9B /* PresentlyUITests.swift */,
				9AE5F9D32A79CBAD001EFD9B /* PresentlyUITestsLaunchTests.swift */,
			);
			path = PresentlyUITests;
			sourceTree = "<group>";
		};
		9AE5F9E02A79D123001EFD9B /* Model Layer */ = {
			isa = PBXGroup;
			children = (
				9AE5FA012A7A0EBA001EFD9B /* Network */,
				9AE5F9FA2A79E7B6001EFD9B /* Storage */,
				9AE5F9E22A79D3FE001EFD9B /* Entities */,
			);
			path = "Model Layer";
			sourceTree = "<group>";
		};
		9AE5F9E12A79D12C001EFD9B /* UI Layer */ = {
			isa = PBXGroup;
			children = (
				9AE5F9B02A79CBA9001EFD9B /* PresentlyApp.swift */,
				9AE5F9B22A79CBA9001EFD9B /* ContentView.swift */,
			);
			path = "UI Layer";
			sourceTree = "<group>";
		};
		9AE5F9E22A79D3FE001EFD9B /* Entities */ = {
			isa = PBXGroup;
			children = (
				9AE5F9E42A79D3FE001EFD9B /* Person.swift */,
				9AE5F9E62A79D3FE001EFD9B /* HistoricalGift.swift */,
				9AE5F9E72A79D3FE001EFD9B /* Exception.swift */,
				9AE5F9E82A79D3FE001EFD9B /* WishListItem.swift */,
				9AE5F9EB2A79D3FE001EFD9B /* Exchange.swift */,
			);
			path = Entities;
			sourceTree = "<group>";
		};
		9AE5F9FA2A79E7B6001EFD9B /* Storage */ = {
			isa = PBXGroup;
			children = (
				9AE5F9FF2A7A0232001EFD9B /* Storage.swift */,
				9AE5F9F52A79D5ED001EFD9B /* LoginStorage.swift */,
				9AE5F9FB2A79F26B001EFD9B /* ExchangeStorage.swift */,
				9AE5F9FD2A79F8DE001EFD9B /* PeopleStorage.swift */,
			);
			path = Storage;
			sourceTree = "<group>";
		};
		9AE5FA012A7A0EBA001EFD9B /* Network */ = {
			isa = PBXGroup;
			children = (
				9AE5F9E92A79D3FE001EFD9B /* Response.swift */,
			);
			path = Network;
			sourceTree = "<group>";
		};
/* End PBXGroup section */

/* Begin PBXNativeTarget section */
		9AE5F9AC2A79CBA9001EFD9B /* Presently */ = {
			isa = PBXNativeTarget;
			buildConfigurationList = 9AE5F9D72A79CBAD001EFD9B /* Build configuration list for PBXNativeTarget "Presently" */;
			buildPhases = (
				9AE5F9A92A79CBA9001EFD9B /* Sources */,
				9AE5F9AA2A79CBA9001EFD9B /* Frameworks */,
				9AE5F9AB2A79CBA9001EFD9B /* Resources */,
			);
			buildRules = (
			);
			dependencies = (
			);
			name = Presently;
			productName = Presently;
			productReference = 9AE5F9AD2A79CBA9001EFD9B /* Presently.app */;
			productType = "com.apple.product-type.application";
		};
		9AE5F9C22A79CBAD001EFD9B /* PresentlyTests */ = {
			isa = PBXNativeTarget;
			buildConfigurationList = 9AE5F9DA2A79CBAD001EFD9B /* Build configuration list for PBXNativeTarget "PresentlyTests" */;
			buildPhases = (
				9AE5F9BF2A79CBAD001EFD9B /* Sources */,
				9AE5F9C02A79CBAD001EFD9B /* Frameworks */,
				9AE5F9C12A79CBAD001EFD9B /* Resources */,
			);
			buildRules = (
			);
			dependencies = (
				9AE5F9C52A79CBAD001EFD9B /* PBXTargetDependency */,
			);
			name = PresentlyTests;
			productName = PresentlyTests;
			productReference = 9AE5F9C32A79CBAD001EFD9B /* PresentlyTests.xctest */;
			productType = "com.apple.product-type.bundle.unit-test";
		};
		9AE5F9CC2A79CBAD001EFD9B /* PresentlyUITests */ = {
			isa = PBXNativeTarget;
			buildConfigurationList = 9AE5F9DD2A79CBAD001EFD9B /* Build configuration list for PBXNativeTarget "PresentlyUITests" */;
			buildPhases = (
				9AE5F9C92A79CBAD001EFD9B /* Sources */,
				9AE5F9CA2A79CBAD001EFD9B /* Frameworks */,
				9AE5F9CB2A79CBAD001EFD9B /* Resources */,
			);
			buildRules = (
			);
			dependencies = (
				9AE5F9CF2A79CBAD001EFD9B /* PBXTargetDependency */,
			);
			name = PresentlyUITests;
			productName = PresentlyUITests;
			productReference = 9AE5F9CD2A79CBAD001EFD9B /* PresentlyUITests.xctest */;
			productType = "com.apple.product-type.bundle.ui-testing";
		};
/* End PBXNativeTarget section */

/* Begin PBXProject section */
		9AE5F9A52A79CBA9001EFD9B /* Project object */ = {
			isa = PBXProject;
			attributes = {
				BuildIndependentTargetsInParallel = 1;
				LastSwiftUpdateCheck = 1430;
				LastUpgradeCheck = 1430;
				TargetAttributes = {
					9AE5F9AC2A79CBA9001EFD9B = {
						CreatedOnToolsVersion = 14.3.1;
					};
					9AE5F9C22A79CBAD001EFD9B = {
						CreatedOnToolsVersion = 14.3.1;
						TestTargetID = 9AE5F9AC2A79CBA9001EFD9B;
					};
					9AE5F9CC2A79CBAD001EFD9B = {
						CreatedOnToolsVersion = 14.3.1;
						TestTargetID = 9AE5F9AC2A79CBA9001EFD9B;
					};
				};
			};
			buildConfigurationList = 9AE5F9A82A79CBA9001EFD9B /* Build configuration list for PBXProject "Presently" */;
			compatibilityVersion = "Xcode 14.0";
			developmentRegion = en;
			hasScannedForEncodings = 0;
			knownRegions = (
				en,
				Base,
			);
			mainGroup = 9AE5F9A42A79CBA9001EFD9B;
			productRefGroup = 9AE5F9AE2A79CBA9001EFD9B /* Products */;
			projectDirPath = "";
			projectRoot = "";
			targets = (
				9AE5F9AC2A79CBA9001EFD9B /* Presently */,
				9AE5F9C22A79CBAD001EFD9B /* PresentlyTests */,
				9AE5F9CC2A79CBAD001EFD9B /* PresentlyUITests */,
			);
		};
/* End PBXProject section */

/* Begin PBXResourcesBuildPhase section */
		9AE5F9AB2A79CBA9001EFD9B /* Resources */ = {
			isa = PBXResourcesBuildPhase;
			buildActionMask = 2147483647;
			files = (
				9AE5F9B82A79CBAC001EFD9B /* Preview Assets.xcassets in Resources */,
				9AE5F9B52A79CBAC001EFD9B /* Assets.xcassets in Resources */,
			);
			runOnlyForDeploymentPostprocessing = 0;
		};
		9AE5F9C12A79CBAD001EFD9B /* Resources */ = {
			isa = PBXResourcesBuildPhase;
			buildActionMask = 2147483647;
			files = (
			);
			runOnlyForDeploymentPostprocessing = 0;
		};
		9AE5F9CB2A79CBAD001EFD9B /* Resources */ = {
			isa = PBXResourcesBuildPhase;
			buildActionMask = 2147483647;
			files = (
			);
			runOnlyForDeploymentPostprocessing = 0;
		};
/* End PBXResourcesBuildPhase section */

/* Begin PBXSourcesBuildPhase section */
		9AE5F9A92A79CBA9001EFD9B /* Sources */ = {
			isa = PBXSourcesBuildPhase;
			buildActionMask = 2147483647;
			files = (
				9AE5F9B32A79CBA9001EFD9B /* ContentView.swift in Sources */,
				9AE5FA002A7A0232001EFD9B /* Storage.swift in Sources */,
				9AE5F9B12A79CBA9001EFD9B /* PresentlyApp.swift in Sources */,
				9AE5F9ED2A79D3FE001EFD9B /* Person.swift in Sources */,
				9AE5F9F62A79D5ED001EFD9B /* LoginStorage.swift in Sources */,
				9AE5F9FC2A79F26B001EFD9B /* ExchangeStorage.swift in Sources */,
				9AE5F9F12A79D3FE001EFD9B /* WishListItem.swift in Sources */,
				9AE5F9F82A79D8FF001EFD9B /* TestFiles.swift in Sources */,
				9AE5F9FE2A79F8DE001EFD9B /* PeopleStorage.swift in Sources */,
				9AE5F9F22A79D3FE001EFD9B /* Response.swift in Sources */,
				9AE5F9F42A79D3FE001EFD9B /* Exchange.swift in Sources */,
				9AE5F9EF2A79D3FE001EFD9B /* HistoricalGift.swift in Sources */,
				9AE5F9F02A79D3FE001EFD9B /* Exception.swift in Sources */,
			);
			runOnlyForDeploymentPostprocessing = 0;
		};
		9AE5F9BF2A79CBAD001EFD9B /* Sources */ = {
			isa = PBXSourcesBuildPhase;
			buildActionMask = 2147483647;
			files = (
				9AE5F9C82A79CBAD001EFD9B /* PresentlyTests.swift in Sources */,
				9AE5F9F72A79D8FC001EFD9B /* TestFiles.swift in Sources */,
			);
			runOnlyForDeploymentPostprocessing = 0;
		};
		9AE5F9C92A79CBAD001EFD9B /* Sources */ = {
			isa = PBXSourcesBuildPhase;
			buildActionMask = 2147483647;
			files = (
				9AE5F9D22A79CBAD001EFD9B /* PresentlyUITests.swift in Sources */,
				9AE5F9D42A79CBAD001EFD9B /* PresentlyUITestsLaunchTests.swift in Sources */,
				9AE5F9F92A79D902001EFD9B /* TestFiles.swift in Sources */,
			);
			runOnlyForDeploymentPostprocessing = 0;
		};
/* End PBXSourcesBuildPhase section */

/* Begin PBXTargetDependency section */
		9AE5F9C52A79CBAD001EFD9B /* PBXTargetDependency */ = {
			isa = PBXTargetDependency;
			target = 9AE5F9AC2A79CBA9001EFD9B /* Presently */;
			targetProxy = 9AE5F9C42A79CBAD001EFD9B /* PBXContainerItemProxy */;
		};
		9AE5F9CF2A79CBAD001EFD9B /* PBXTargetDependency */ = {
			isa = PBXTargetDependency;
			target = 9AE5F9AC2A79CBA9001EFD9B /* Presently */;
			targetProxy = 9AE5F9CE2A79CBAD001EFD9B /* PBXContainerItemProxy */;
		};
/* End PBXTargetDependency section */

/* Begin XCBuildConfiguration section */
		9AE5F9D52A79CBAD001EFD9B /* Debug */ = {
			isa = XCBuildConfiguration;
			buildSettings = {
				ALWAYS_SEARCH_USER_PATHS = NO;
				CLANG_ANALYZER_NONNULL = YES;
				CLANG_ANALYZER_NUMBER_OBJECT_CONVERSION = YES_AGGRESSIVE;
				CLANG_CXX_LANGUAGE_STANDARD = "gnu++20";
				CLANG_ENABLE_MODULES = YES;
				CLANG_ENABLE_OBJC_ARC = YES;
				CLANG_ENABLE_OBJC_WEAK = YES;
				CLANG_WARN_BLOCK_CAPTURE_AUTORELEASING = YES;
				CLANG_WARN_BOOL_CONVERSION = YES;
				CLANG_WARN_COMMA = YES;
				CLANG_WARN_CONSTANT_CONVERSION = YES;
				CLANG_WARN_DEPRECATED_OBJC_IMPLEMENTATIONS = YES;
				CLANG_WARN_DIRECT_OBJC_ISA_USAGE = YES_ERROR;
				CLANG_WARN_DOCUMENTATION_COMMENTS = YES;
				CLANG_WARN_EMPTY_BODY = YES;
				CLANG_WARN_ENUM_CONVERSION = YES;
				CLANG_WARN_INFINITE_RECURSION = YES;
				CLANG_WARN_INT_CONVERSION = YES;
				CLANG_WARN_NON_LITERAL_NULL_CONVERSION = YES;
				CLANG_WARN_OBJC_IMPLICIT_RETAIN_SELF = YES;
				CLANG_WARN_OBJC_LITERAL_CONVERSION = YES;
				CLANG_WARN_OBJC_ROOT_CLASS = YES_ERROR;
				CLANG_WARN_QUOTED_INCLUDE_IN_FRAMEWORK_HEADER = YES;
				CLANG_WARN_RANGE_LOOP_ANALYSIS = YES;
				CLANG_WARN_STRICT_PROTOTYPES = YES;
				CLANG_WARN_SUSPICIOUS_MOVE = YES;
				CLANG_WARN_UNGUARDED_AVAILABILITY = YES_AGGRESSIVE;
				CLANG_WARN_UNREACHABLE_CODE = YES;
				CLANG_WARN__DUPLICATE_METHOD_MATCH = YES;
				COPY_PHASE_STRIP = NO;
				DEBUG_INFORMATION_FORMAT = dwarf;
				ENABLE_STRICT_OBJC_MSGSEND = YES;
				ENABLE_TESTABILITY = YES;
				GCC_C_LANGUAGE_STANDARD = gnu11;
				GCC_DYNAMIC_NO_PIC = NO;
				GCC_NO_COMMON_BLOCKS = YES;
				GCC_OPTIMIZATION_LEVEL = 0;
				GCC_PREPROCESSOR_DEFINITIONS = (
					"DEBUG=1",
					"$(inherited)",
				);
				GCC_WARN_64_TO_32_BIT_CONVERSION = YES;
				GCC_WARN_ABOUT_RETURN_TYPE = YES_ERROR;
				GCC_WARN_UNDECLARED_SELECTOR = YES;
				GCC_WARN_UNINITIALIZED_AUTOS = YES_AGGRESSIVE;
				GCC_WARN_UNUSED_FUNCTION = YES;
				GCC_WARN_UNUSED_VARIABLE = YES;
				IPHONEOS_DEPLOYMENT_TARGET = 16.4;
				MTL_ENABLE_DEBUG_INFO = INCLUDE_SOURCE;
				MTL_FAST_MATH = YES;
				ONLY_ACTIVE_ARCH = YES;
				SDKROOT = iphoneos;
				SWIFT_ACTIVE_COMPILATION_CONDITIONS = DEBUG;
				SWIFT_OPTIMIZATION_LEVEL = "-Onone";
			};
			name = Debug;
		};
		9AE5F9D62A79CBAD001EFD9B /* Release */ = {
			isa = XCBuildConfiguration;
			buildSettings = {
				ALWAYS_SEARCH_USER_PATHS = NO;
				CLANG_ANALYZER_NONNULL = YES;
				CLANG_ANALYZER_NUMBER_OBJECT_CONVERSION = YES_AGGRESSIVE;
				CLANG_CXX_LANGUAGE_STANDARD = "gnu++20";
				CLANG_ENABLE_MODULES = YES;
				CLANG_ENABLE_OBJC_ARC = YES;
				CLANG_ENABLE_OBJC_WEAK = YES;
				CLANG_WARN_BLOCK_CAPTURE_AUTORELEASING = YES;
				CLANG_WARN_BOOL_CONVERSION = YES;
				CLANG_WARN_COMMA = YES;
				CLANG_WARN_CONSTANT_CONVERSION = YES;
				CLANG_WARN_DEPRECATED_OBJC_IMPLEMENTATIONS = YES;
				CLANG_WARN_DIRECT_OBJC_ISA_USAGE = YES_ERROR;
				CLANG_WARN_DOCUMENTATION_COMMENTS = YES;
				CLANG_WARN_EMPTY_BODY = YES;
				CLANG_WARN_ENUM_CONVERSION = YES;
				CLANG_WARN_INFINITE_RECURSION = YES;
				CLANG_WARN_INT_CONVERSION = YES;
				CLANG_WARN_NON_LITERAL_NULL_CONVERSION = YES;
				CLANG_WARN_OBJC_IMPLICIT_RETAIN_SELF = YES;
				CLANG_WARN_OBJC_LITERAL_CONVERSION = YES;
				CLANG_WARN_OBJC_ROOT_CLASS = YES_ERROR;
				CLANG_WARN_QUOTED_INCLUDE_IN_FRAMEWORK_HEADER = YES;
				CLANG_WARN_RANGE_LOOP_ANALYSIS = YES;
				CLANG_WARN_STRICT_PROTOTYPES = YES;
				CLANG_WARN_SUSPICIOUS_MOVE = YES;
				CLANG_WARN_UNGUARDED_AVAILABILITY = YES_AGGRESSIVE;
				CLANG_WARN_UNREACHABLE_CODE = YES;
				CLANG_WARN__DUPLICATE_METHOD_MATCH = YES;
				COPY_PHASE_STRIP = NO;
				DEBUG_INFORMATION_FORMAT = "dwarf-with-dsym";
				ENABLE_NS_ASSERTIONS = NO;
				ENABLE_STRICT_OBJC_MSGSEND = YES;
				GCC_C_LANGUAGE_STANDARD = gnu11;
				GCC_NO_COMMON_BLOCKS = YES;
				GCC_WARN_64_TO_32_BIT_CONVERSION = YES;
				GCC_WARN_ABOUT_RETURN_TYPE = YES_ERROR;
				GCC_WARN_UNDECLARED_SELECTOR = YES;
				GCC_WARN_UNINITIALIZED_AUTOS = YES_AGGRESSIVE;
				GCC_WARN_UNUSED_FUNCTION = YES;
				GCC_WARN_UNUSED_VARIABLE = YES;
				IPHONEOS_DEPLOYMENT_TARGET = 16.4;
				MTL_ENABLE_DEBUG_INFO = NO;
				MTL_FAST_MATH = YES;
				SDKROOT = iphoneos;
				SWIFT_COMPILATION_MODE = wholemodule;
				SWIFT_OPTIMIZATION_LEVEL = "-O";
				VALIDATE_PRODUCT = YES;
			};
			name = Release;
		};
		9AE5F9D82A79CBAD001EFD9B /* Debug */ = {
			isa = XCBuildConfiguration;
			buildSettings = {
				ASSETCATALOG_COMPILER_APPICON_NAME = AppIcon;
				ASSETCATALOG_COMPILER_GLOBAL_ACCENT_COLOR_NAME = AccentColor;
				CODE_SIGN_STYLE = Automatic;
				CURRENT_PROJECT_VERSION = 1;
				DEVELOPMENT_ASSET_PATHS = "\"Presently/Preview Content\"";
				DEVELOPMENT_TEAM = 5XU95W3N65;
				ENABLE_PREVIEWS = YES;
				GENERATE_INFOPLIST_FILE = YES;
				INFOPLIST_KEY_CFBundleDisplayName = Presently;
				INFOPLIST_KEY_UIApplicationSceneManifest_Generation = YES;
				INFOPLIST_KEY_UIApplicationSupportsIndirectInputEvents = YES;
				INFOPLIST_KEY_UILaunchScreen_Generation = YES;
				INFOPLIST_KEY_UISupportedInterfaceOrientations_iPad = "UIInterfaceOrientationPortrait UIInterfaceOrientationPortraitUpsideDown UIInterfaceOrientationLandscapeLeft UIInterfaceOrientationLandscapeRight";
				INFOPLIST_KEY_UISupportedInterfaceOrientations_iPhone = "UIInterfaceOrientationPortrait UIInterfaceOrientationLandscapeLeft UIInterfaceOrientationLandscapeRight";
				IPHONEOS_DEPLOYMENT_TARGET = 16.0;
				LD_RUNPATH_SEARCH_PATHS = (
					"$(inherited)",
					"@executable_path/Frameworks",
				);
				MARKETING_VERSION = 0.1;
				PRODUCT_BUNDLE_IDENTIFIER = com.tgp.Presently;
				PRODUCT_NAME = "$(TARGET_NAME)";
				SWIFT_EMIT_LOC_STRINGS = YES;
				SWIFT_VERSION = 5.0;
				TARGETED_DEVICE_FAMILY = "1,2";
			};
			name = Debug;
		};
		9AE5F9D92A79CBAD001EFD9B /* Release */ = {
			isa = XCBuildConfiguration;
			buildSettings = {
				ASSETCATALOG_COMPILER_APPICON_NAME = AppIcon;
				ASSETCATALOG_COMPILER_GLOBAL_ACCENT_COLOR_NAME = AccentColor;
				CODE_SIGN_STYLE = Automatic;
				CURRENT_PROJECT_VERSION = 1;
				DEVELOPMENT_ASSET_PATHS = "\"Presently/Preview Content\"";
				DEVELOPMENT_TEAM = 5XU95W3N65;
				ENABLE_PREVIEWS = YES;
				GENERATE_INFOPLIST_FILE = YES;
				INFOPLIST_KEY_CFBundleDisplayName = Presently;
				INFOPLIST_KEY_UIApplicationSceneManifest_Generation = YES;
				INFOPLIST_KEY_UIApplicationSupportsIndirectInputEvents = YES;
				INFOPLIST_KEY_UILaunchScreen_Generation = YES;
				INFOPLIST_KEY_UISupportedInterfaceOrientations_iPad = "UIInterfaceOrientationPortrait UIInterfaceOrientationPortraitUpsideDown UIInterfaceOrientationLandscapeLeft UIInterfaceOrientationLandscapeRight";
				INFOPLIST_KEY_UISupportedInterfaceOrientations_iPhone = "UIInterfaceOrientationPortrait UIInterfaceOrientationLandscapeLeft UIInterfaceOrientationLandscapeRight";
				IPHONEOS_DEPLOYMENT_TARGET = 16.0;
				LD_RUNPATH_SEARCH_PATHS = (
					"$(inherited)",
					"@executable_path/Frameworks",
				);
				MARKETING_VERSION = 0.1;
				PRODUCT_BUNDLE_IDENTIFIER = com.tgp.Presently;
				PRODUCT_NAME = "$(TARGET_NAME)";
				SWIFT_EMIT_LOC_STRINGS = YES;
				SWIFT_VERSION = 5.0;
				TARGETED_DEVICE_FAMILY = "1,2";
			};
			name = Release;
		};
		9AE5F9DB2A79CBAD001EFD9B /* Debug */ = {
			isa = XCBuildConfiguration;
			buildSettings = {
				ALWAYS_EMBED_SWIFT_STANDARD_LIBRARIES = YES;
				BUNDLE_LOADER = "$(TEST_HOST)";
				CODE_SIGN_STYLE = Automatic;
				CURRENT_PROJECT_VERSION = 1;
				DEVELOPMENT_TEAM = 5XU95W3N65;
				GENERATE_INFOPLIST_FILE = YES;
				IPHONEOS_DEPLOYMENT_TARGET = 16.4;
				MARKETING_VERSION = 1.0;
				PRODUCT_BUNDLE_IDENTIFIER = com.tgp.PresentlyTests;
				PRODUCT_NAME = "$(TARGET_NAME)";
				SWIFT_EMIT_LOC_STRINGS = NO;
				SWIFT_VERSION = 5.0;
				TARGETED_DEVICE_FAMILY = "1,2";
				TEST_HOST = "$(BUILT_PRODUCTS_DIR)/Presently.app/$(BUNDLE_EXECUTABLE_FOLDER_PATH)/Presently";
			};
			name = Debug;
		};
		9AE5F9DC2A79CBAD001EFD9B /* Release */ = {
			isa = XCBuildConfiguration;
			buildSettings = {
				ALWAYS_EMBED_SWIFT_STANDARD_LIBRARIES = YES;
				BUNDLE_LOADER = "$(TEST_HOST)";
				CODE_SIGN_STYLE = Automatic;
				CURRENT_PROJECT_VERSION = 1;
				DEVELOPMENT_TEAM = 5XU95W3N65;
				GENERATE_INFOPLIST_FILE = YES;
				IPHONEOS_DEPLOYMENT_TARGET = 16.4;
				MARKETING_VERSION = 1.0;
				PRODUCT_BUNDLE_IDENTIFIER = com.tgp.PresentlyTests;
				PRODUCT_NAME = "$(TARGET_NAME)";
				SWIFT_EMIT_LOC_STRINGS = NO;
				SWIFT_VERSION = 5.0;
				TARGETED_DEVICE_FAMILY = "1,2";
				TEST_HOST = "$(BUILT_PRODUCTS_DIR)/Presently.app/$(BUNDLE_EXECUTABLE_FOLDER_PATH)/Presently";
			};
			name = Release;
		};
		9AE5F9DE2A79CBAD001EFD9B /* Debug */ = {
			isa = XCBuildConfiguration;
			buildSettings = {
				ALWAYS_EMBED_SWIFT_STANDARD_LIBRARIES = YES;
				CODE_SIGN_STYLE = Automatic;
				CURRENT_PROJECT_VERSION = 1;
				DEVELOPMENT_TEAM = 5XU95W3N65;
				GENERATE_INFOPLIST_FILE = YES;
				MARKETING_VERSION = 1.0;
				PRODUCT_BUNDLE_IDENTIFIER = com.tgp.PresentlyUITests;
				PRODUCT_NAME = "$(TARGET_NAME)";
				SWIFT_EMIT_LOC_STRINGS = NO;
				SWIFT_VERSION = 5.0;
				TARGETED_DEVICE_FAMILY = "1,2";
				TEST_TARGET_NAME = Presently;
			};
			name = Debug;
		};
		9AE5F9DF2A79CBAD001EFD9B /* Release */ = {
			isa = XCBuildConfiguration;
			buildSettings = {
				ALWAYS_EMBED_SWIFT_STANDARD_LIBRARIES = YES;
				CODE_SIGN_STYLE = Automatic;
				CURRENT_PROJECT_VERSION = 1;
				DEVELOPMENT_TEAM = 5XU95W3N65;
				GENERATE_INFOPLIST_FILE = YES;
				MARKETING_VERSION = 1.0;
				PRODUCT_BUNDLE_IDENTIFIER = com.tgp.PresentlyUITests;
				PRODUCT_NAME = "$(TARGET_NAME)";
				SWIFT_EMIT_LOC_STRINGS = NO;
				SWIFT_VERSION = 5.0;
				TARGETED_DEVICE_FAMILY = "1,2";
				TEST_TARGET_NAME = Presently;
			};
			name = Release;
		};
/* End XCBuildConfiguration section */

/* Begin XCConfigurationList section */
		9AE5F9A82A79CBA9001EFD9B /* Build configuration list for PBXProject "Presently" */ = {
			isa = XCConfigurationList;
			buildConfigurations = (
				9AE5F9D52A79CBAD001EFD9B /* Debug */,
				9AE5F9D62A79CBAD001EFD9B /* Release */,
			);
			defaultConfigurationIsVisible = 0;
			defaultConfigurationName = Release;
		};
		9AE5F9D72A79CBAD001EFD9B /* Build configuration list for PBXNativeTarget "Presently" */ = {
			isa = XCConfigurationList;
			buildConfigurations = (
				9AE5F9D82A79CBAD001EFD9B /* Debug */,
				9AE5F9D92A79CBAD001EFD9B /* Release */,
			);
			defaultConfigurationIsVisible = 0;
			defaultConfigurationName = Release;
		};
		9AE5F9DA2A79CBAD001EFD9B /* Build configuration list for PBXNativeTarget "PresentlyTests" */ = {
			isa = XCConfigurationList;
			buildConfigurations = (
				9AE5F9DB2A79CBAD001EFD9B /* Debug */,
				9AE5F9DC2A79CBAD001EFD9B /* Release */,
			);
			defaultConfigurationIsVisible = 0;
			defaultConfigurationName = Release;
		};
		9AE5F9DD2A79CBAD001EFD9B /* Build configuration list for PBXNativeTarget "PresentlyUITests" */ = {
			isa = XCConfigurationList;
			buildConfigurations = (
				9AE5F9DE2A79CBAD001EFD9B /* Debug */,
				9AE5F9DF2A79CBAD001EFD9B /* Release */,
			);
			defaultConfigurationIsVisible = 0;
			defaultConfigurationName = Release;
		};
/* End XCConfigurationList section */
	};
	rootObject = 9AE5F9A52A79CBA9001EFD9B /* Project object */;
}
